// !$*UTF8*$!
{
	archiveVersion = 1;
	classes = {
	};
	objectVersion = 50;
	objects = {

/* Begin PBXBuildFile section */
		E0E09C3E217783CC00B65920 /* AppDelegate.swift in Sources */ = {isa = PBXBuildFile; fileRef = E0E09C3D217783CC00B65920 /* AppDelegate.swift */; };
		E0E09C40217783CC00B65920 /* GameScene.sks in Resources */ = {isa = PBXBuildFile; fileRef = E0E09C3F217783CC00B65920 /* GameScene.sks */; };
		E0E09C44217783CC00B65920 /* GameScene.swift in Sources */ = {isa = PBXBuildFile; fileRef = E0E09C43217783CC00B65920 /* GameScene.swift */; };
		E0E09C46217783CC00B65920 /* GameViewController.swift in Sources */ = {isa = PBXBuildFile; fileRef = E0E09C45217783CC00B65920 /* GameViewController.swift */; };
		E0E09C49217783CC00B65920 /* Main.storyboard in Resources */ = {isa = PBXBuildFile; fileRef = E0E09C47217783CC00B65920 /* Main.storyboard */; };
		E0E09C4B217783CD00B65920 /* Assets.xcassets in Resources */ = {isa = PBXBuildFile; fileRef = E0E09C4A217783CD00B65920 /* Assets.xcassets */; };
		E0E09C4E217783CD00B65920 /* LaunchScreen.storyboard in Resources */ = {isa = PBXBuildFile; fileRef = E0E09C4C217783CD00B65920 /* LaunchScreen.storyboard */; };
		E0E09C722177848600B65920 /* background.jpg in Resources */ = {isa = PBXBuildFile; fileRef = E0E09C562177848600B65920 /* background.jpg */; };
		E0E09C732177848600B65920 /* background@2x.jpg in Resources */ = {isa = PBXBuildFile; fileRef = E0E09C572177848600B65920 /* background@2x.jpg */; };
		E0E09C742177848600B65920 /* ballBlue.png in Resources */ = {isa = PBXBuildFile; fileRef = E0E09C582177848600B65920 /* ballBlue.png */; };
		E0E09C752177848600B65920 /* ballBlue@2x.png in Resources */ = {isa = PBXBuildFile; fileRef = E0E09C592177848600B65920 /* ballBlue@2x.png */; };
		E0E09C762177848600B65920 /* ballCyan.png in Resources */ = {isa = PBXBuildFile; fileRef = E0E09C5A2177848600B65920 /* ballCyan.png */; };
		E0E09C772177848600B65920 /* ballCyan@2x.png in Resources */ = {isa = PBXBuildFile; fileRef = E0E09C5B2177848600B65920 /* ballCyan@2x.png */; };
		E0E09C782177848600B65920 /* ballGreen.png in Resources */ = {isa = PBXBuildFile; fileRef = E0E09C5C2177848600B65920 /* ballGreen.png */; };
		E0E09C792177848600B65920 /* ballGreen@2x.png in Resources */ = {isa = PBXBuildFile; fileRef = E0E09C5D2177848600B65920 /* ballGreen@2x.png */; };
		E0E09C7A2177848600B65920 /* ballGrey.png in Resources */ = {isa = PBXBuildFile; fileRef = E0E09C5E2177848600B65920 /* ballGrey.png */; };
		E0E09C7B2177848600B65920 /* ballGrey@2x.png in Resources */ = {isa = PBXBuildFile; fileRef = E0E09C5F2177848600B65920 /* ballGrey@2x.png */; };
		E0E09C7C2177848600B65920 /* ballPurple.png in Resources */ = {isa = PBXBuildFile; fileRef = E0E09C602177848600B65920 /* ballPurple.png */; };
		E0E09C7D2177848600B65920 /* ballPurple@2x.png in Resources */ = {isa = PBXBuildFile; fileRef = E0E09C612177848600B65920 /* ballPurple@2x.png */; };
		E0E09C7E2177848600B65920 /* ballRed.png in Resources */ = {isa = PBXBuildFile; fileRef = E0E09C622177848600B65920 /* ballRed.png */; };
		E0E09C7F2177848600B65920 /* ballRed@2x.png in Resources */ = {isa = PBXBuildFile; fileRef = E0E09C632177848600B65920 /* ballRed@2x.png */; };
		E0E09C802177848600B65920 /* ballYellow.png in Resources */ = {isa = PBXBuildFile; fileRef = E0E09C642177848600B65920 /* ballYellow.png */; };
		E0E09C812177848600B65920 /* ballYellow@2x.png in Resources */ = {isa = PBXBuildFile; fileRef = E0E09C652177848600B65920 /* ballYellow@2x.png */; };
		E0E09C822177848600B65920 /* bouncer.png in Resources */ = {isa = PBXBuildFile; fileRef = E0E09C662177848600B65920 /* bouncer.png */; };
		E0E09C832177848600B65920 /* bouncer@2x.png in Resources */ = {isa = PBXBuildFile; fileRef = E0E09C672177848600B65920 /* bouncer@2x.png */; };
		E0E09C842177848600B65920 /* FireParticles.sks in Resources */ = {isa = PBXBuildFile; fileRef = E0E09C682177848600B65920 /* FireParticles.sks */; };
		E0E09C852177848600B65920 /* slotBaseBad.png in Resources */ = {isa = PBXBuildFile; fileRef = E0E09C692177848600B65920 /* slotBaseBad.png */; };
		E0E09C862177848600B65920 /* slotBaseBad@2x.png in Resources */ = {isa = PBXBuildFile; fileRef = E0E09C6A2177848600B65920 /* slotBaseBad@2x.png */; };
		E0E09C872177848600B65920 /* slotBaseGood.png in Resources */ = {isa = PBXBuildFile; fileRef = E0E09C6B2177848600B65920 /* slotBaseGood.png */; };
		E0E09C882177848600B65920 /* slotBaseGood@2x.png in Resources */ = {isa = PBXBuildFile; fileRef = E0E09C6C2177848600B65920 /* slotBaseGood@2x.png */; };
		E0E09C892177848600B65920 /* slotGlowBad.png in Resources */ = {isa = PBXBuildFile; fileRef = E0E09C6D2177848600B65920 /* slotGlowBad.png */; };
		E0E09C8A2177848600B65920 /* slotGlowBad@2x.png in Resources */ = {isa = PBXBuildFile; fileRef = E0E09C6E2177848600B65920 /* slotGlowBad@2x.png */; };
		E0E09C8B2177848600B65920 /* slotGlowGood.png in Resources */ = {isa = PBXBuildFile; fileRef = E0E09C6F2177848600B65920 /* slotGlowGood.png */; };
		E0E09C8C2177848600B65920 /* slotGlowGood@2x.png in Resources */ = {isa = PBXBuildFile; fileRef = E0E09C702177848600B65920 /* slotGlowGood@2x.png */; };
		E0E09C8D2177848600B65920 /* spark.png in Resources */ = {isa = PBXBuildFile; fileRef = E0E09C712177848600B65920 /* spark.png */; };
		E0E09C8F2177893D00B65920 /* Helper.swift in Sources */ = {isa = PBXBuildFile; fileRef = E0E09C8E2177893D00B65920 /* Helper.swift */; };
/* End PBXBuildFile section */

/* Begin PBXFileReference section */
		E0E09C3A217783CC00B65920 /* Peggle.app */ = {isa = PBXFileReference; explicitFileType = wrapper.application; includeInIndex = 0; path = Peggle.app; sourceTree = BUILT_PRODUCTS_DIR; };
		E0E09C3D217783CC00B65920 /* AppDelegate.swift */ = {isa = PBXFileReference; lastKnownFileType = sourcecode.swift; path = AppDelegate.swift; sourceTree = "<group>"; };
		E0E09C3F217783CC00B65920 /* GameScene.sks */ = {isa = PBXFileReference; lastKnownFileType = file.sks; path = GameScene.sks; sourceTree = "<group>"; };
		E0E09C43217783CC00B65920 /* GameScene.swift */ = {isa = PBXFileReference; lastKnownFileType = sourcecode.swift; path = GameScene.swift; sourceTree = "<group>"; };
		E0E09C45217783CC00B65920 /* GameViewController.swift */ = {isa = PBXFileReference; lastKnownFileType = sourcecode.swift; path = GameViewController.swift; sourceTree = "<group>"; };
		E0E09C48217783CC00B65920 /* Base */ = {isa = PBXFileReference; lastKnownFileType = file.storyboard; name = Base; path = Base.lproj/Main.storyboard; sourceTree = "<group>"; };
		E0E09C4A217783CD00B65920 /* Assets.xcassets */ = {isa = PBXFileReference; lastKnownFileType = folder.assetcatalog; path = Assets.xcassets; sourceTree = "<group>"; };
		E0E09C4D217783CD00B65920 /* Base */ = {isa = PBXFileReference; lastKnownFileType = file.storyboard; name = Base; path = Base.lproj/LaunchScreen.storyboard; sourceTree = "<group>"; };
		E0E09C4F217783CD00B65920 /* Info.plist */ = {isa = PBXFileReference; lastKnownFileType = text.plist.xml; path = Info.plist; sourceTree = "<group>"; };
		E0E09C562177848600B65920 /* background.jpg */ = {isa = PBXFileReference; lastKnownFileType = image.jpeg; path = background.jpg; sourceTree = "<group>"; };
		E0E09C572177848600B65920 /* background@2x.jpg */ = {isa = PBXFileReference; lastKnownFileType = image.jpeg; path = "background@2x.jpg"; sourceTree = "<group>"; };
		E0E09C582177848600B65920 /* ballBlue.png */ = {isa = PBXFileReference; lastKnownFileType = image.png; path = ballBlue.png; sourceTree = "<group>"; };
		E0E09C592177848600B65920 /* ballBlue@2x.png */ = {isa = PBXFileReference; lastKnownFileType = image.png; path = "ballBlue@2x.png"; sourceTree = "<group>"; };
		E0E09C5A2177848600B65920 /* ballCyan.png */ = {isa = PBXFileReference; lastKnownFileType = image.png; path = ballCyan.png; sourceTree = "<group>"; };
		E0E09C5B2177848600B65920 /* ballCyan@2x.png */ = {isa = PBXFileReference; lastKnownFileType = image.png; path = "ballCyan@2x.png"; sourceTree = "<group>"; };
		E0E09C5C2177848600B65920 /* ballGreen.png */ = {isa = PBXFileReference; lastKnownFileType = image.png; path = ballGreen.png; sourceTree = "<group>"; };
		E0E09C5D2177848600B65920 /* ballGreen@2x.png */ = {isa = PBXFileReference; lastKnownFileType = image.png; path = "ballGreen@2x.png"; sourceTree = "<group>"; };
		E0E09C5E2177848600B65920 /* ballGrey.png */ = {isa = PBXFileReference; lastKnownFileType = image.png; path = ballGrey.png; sourceTree = "<group>"; };
		E0E09C5F2177848600B65920 /* ballGrey@2x.png */ = {isa = PBXFileReference; lastKnownFileType = image.png; path = "ballGrey@2x.png"; sourceTree = "<group>"; };
		E0E09C602177848600B65920 /* ballPurple.png */ = {isa = PBXFileReference; lastKnownFileType = image.png; path = ballPurple.png; sourceTree = "<group>"; };
		E0E09C612177848600B65920 /* ballPurple@2x.png */ = {isa = PBXFileReference; lastKnownFileType = image.png; path = "ballPurple@2x.png"; sourceTree = "<group>"; };
		E0E09C622177848600B65920 /* ballRed.png */ = {isa = PBXFileReference; lastKnownFileType = image.png; path = ballRed.png; sourceTree = "<group>"; };
		E0E09C632177848600B65920 /* ballRed@2x.png */ = {isa = PBXFileReference; lastKnownFileType = image.png; path = "ballRed@2x.png"; sourceTree = "<group>"; };
		E0E09C642177848600B65920 /* ballYellow.png */ = {isa = PBXFileReference; lastKnownFileType = image.png; path = ballYellow.png; sourceTree = "<group>"; };
		E0E09C652177848600B65920 /* ballYellow@2x.png */ = {isa = PBXFileReference; lastKnownFileType = image.png; path = "ballYellow@2x.png"; sourceTree = "<group>"; };
		E0E09C662177848600B65920 /* bouncer.png */ = {isa = PBXFileReference; lastKnownFileType = image.png; path = bouncer.png; sourceTree = "<group>"; };
		E0E09C672177848600B65920 /* bouncer@2x.png */ = {isa = PBXFileReference; lastKnownFileType = image.png; path = "bouncer@2x.png"; sourceTree = "<group>"; };
		E0E09C682177848600B65920 /* FireParticles.sks */ = {isa = PBXFileReference; lastKnownFileType = file.sks; path = FireParticles.sks; sourceTree = "<group>"; };
		E0E09C692177848600B65920 /* slotBaseBad.png */ = {isa = PBXFileReference; lastKnownFileType = image.png; path = slotBaseBad.png; sourceTree = "<group>"; };
		E0E09C6A2177848600B65920 /* slotBaseBad@2x.png */ = {isa = PBXFileReference; lastKnownFileType = image.png; path = "slotBaseBad@2x.png"; sourceTree = "<group>"; };
		E0E09C6B2177848600B65920 /* slotBaseGood.png */ = {isa = PBXFileReference; lastKnownFileType = image.png; path = slotBaseGood.png; sourceTree = "<group>"; };
		E0E09C6C2177848600B65920 /* slotBaseGood@2x.png */ = {isa = PBXFileReference; lastKnownFileType = image.png; path = "slotBaseGood@2x.png"; sourceTree = "<group>"; };
		E0E09C6D2177848600B65920 /* slotGlowBad.png */ = {isa = PBXFileReference; lastKnownFileType = image.png; path = slotGlowBad.png; sourceTree = "<group>"; };
		E0E09C6E2177848600B65920 /* slotGlowBad@2x.png */ = {isa = PBXFileReference; lastKnownFileType = image.png; path = "slotGlowBad@2x.png"; sourceTree = "<group>"; };
		E0E09C6F2177848600B65920 /* slotGlowGood.png */ = {isa = PBXFileReference; lastKnownFileType = image.png; path = slotGlowGood.png; sourceTree = "<group>"; };
		E0E09C702177848600B65920 /* slotGlowGood@2x.png */ = {isa = PBXFileReference; lastKnownFileType = image.png; path = "slotGlowGood@2x.png"; sourceTree = "<group>"; };
		E0E09C712177848600B65920 /* spark.png */ = {isa = PBXFileReference; lastKnownFileType = image.png; path = spark.png; sourceTree = "<group>"; };
		E0E09C8E2177893D00B65920 /* Helper.swift */ = {isa = PBXFileReference; lastKnownFileType = sourcecode.swift; path = Helper.swift; sourceTree = "<group>"; };
/* End PBXFileReference section */

/* Begin PBXFrameworksBuildPhase section */
		E0E09C37217783CC00B65920 /* Frameworks */ = {
			isa = PBXFrameworksBuildPhase;
			buildActionMask = 2147483647;
			files = (
			);
			runOnlyForDeploymentPostprocessing = 0;
		};
/* End PBXFrameworksBuildPhase section */

/* Begin PBXGroup section */
		E0E09C31217783CC00B65920 = {
			isa = PBXGroup;
			children = (
				E0E09C3C217783CC00B65920 /* Peggle */,
				E0E09C3B217783CC00B65920 /* Products */,
			);
			sourceTree = "<group>";
		};
		E0E09C3B217783CC00B65920 /* Products */ = {
			isa = PBXGroup;
			children = (
				E0E09C3A217783CC00B65920 /* Peggle.app */,
			);
			name = Products;
			sourceTree = "<group>";
		};
		E0E09C3C217783CC00B65920 /* Peggle */ = {
			isa = PBXGroup;
			children = (
				E0E09C3D217783CC00B65920 /* AppDelegate.swift */,
				E0E09C3F217783CC00B65920 /* GameScene.sks */,
				E0E09C43217783CC00B65920 /* GameScene.swift */,
				E0E09C45217783CC00B65920 /* GameViewController.swift */,
				E0E09C47217783CC00B65920 /* Main.storyboard */,
				E0E09C4A217783CD00B65920 /* Assets.xcassets */,
				E0E09C4C217783CD00B65920 /* LaunchScreen.storyboard */,
				E0E09C4F217783CD00B65920 /* Info.plist */,
				E0E09C552177848600B65920 /* Content */,
				E0E09C8E2177893D00B65920 /* Helper.swift */,
			);
			path = Peggle;
			sourceTree = "<group>";
		};
		E0E09C552177848600B65920 /* Content */ = {
			isa = PBXGroup;
			children = (
				E0E09C562177848600B65920 /* background.jpg */,
				E0E09C572177848600B65920 /* background@2x.jpg */,
				E0E09C582177848600B65920 /* ballBlue.png */,
				E0E09C592177848600B65920 /* ballBlue@2x.png */,
				E0E09C5A2177848600B65920 /* ballCyan.png */,
				E0E09C5B2177848600B65920 /* ballCyan@2x.png */,
				E0E09C5C2177848600B65920 /* ballGreen.png */,
				E0E09C5D2177848600B65920 /* ballGreen@2x.png */,
				E0E09C5E2177848600B65920 /* ballGrey.png */,
				E0E09C5F2177848600B65920 /* ballGrey@2x.png */,
				E0E09C602177848600B65920 /* ballPurple.png */,
				E0E09C612177848600B65920 /* ballPurple@2x.png */,
				E0E09C622177848600B65920 /* ballRed.png */,
				E0E09C632177848600B65920 /* ballRed@2x.png */,
				E0E09C642177848600B65920 /* ballYellow.png */,
				E0E09C652177848600B65920 /* ballYellow@2x.png */,
				E0E09C662177848600B65920 /* bouncer.png */,
				E0E09C672177848600B65920 /* bouncer@2x.png */,
				E0E09C682177848600B65920 /* FireParticles.sks */,
				E0E09C692177848600B65920 /* slotBaseBad.png */,
				E0E09C6A2177848600B65920 /* slotBaseBad@2x.png */,
				E0E09C6B2177848600B65920 /* slotBaseGood.png */,
				E0E09C6C2177848600B65920 /* slotBaseGood@2x.png */,
				E0E09C6D2177848600B65920 /* slotGlowBad.png */,
				E0E09C6E2177848600B65920 /* slotGlowBad@2x.png */,
				E0E09C6F2177848600B65920 /* slotGlowGood.png */,
				E0E09C702177848600B65920 /* slotGlowGood@2x.png */,
				E0E09C712177848600B65920 /* spark.png */,
			);
			path = Content;
			sourceTree = "<group>";
		};
/* End PBXGroup section */

/* Begin PBXNativeTarget section */
		E0E09C39217783CC00B65920 /* Peggle */ = {
			isa = PBXNativeTarget;
			buildConfigurationList = E0E09C52217783CD00B65920 /* Build configuration list for PBXNativeTarget "Peggle" */;
			buildPhases = (
				E0E09C36217783CC00B65920 /* Sources */,
				E0E09C37217783CC00B65920 /* Frameworks */,
				E0E09C38217783CC00B65920 /* Resources */,
			);
			buildRules = (
			);
			dependencies = (
			);
			name = Peggle;
			productName = Peggle;
			productReference = E0E09C3A217783CC00B65920 /* Peggle.app */;
			productType = "com.apple.product-type.application";
		};
/* End PBXNativeTarget section */

/* Begin PBXProject section */
		E0E09C32217783CC00B65920 /* Project object */ = {
			isa = PBXProject;
			attributes = {
				LastSwiftUpdateCheck = 0940;
				LastUpgradeCheck = 0940;
				ORGANIZATIONNAME = 20072163;
				TargetAttributes = {
					E0E09C39217783CC00B65920 = {
						CreatedOnToolsVersion = 9.4.1;
					};
				};
			};
			buildConfigurationList = E0E09C35217783CC00B65920 /* Build configuration list for PBXProject "Peggle" */;
			compatibilityVersion = "Xcode 9.3";
			developmentRegion = en;
			hasScannedForEncodings = 0;
			knownRegions = (
				en,
				Base,
			);
			mainGroup = E0E09C31217783CC00B65920;
			productRefGroup = E0E09C3B217783CC00B65920 /* Products */;
			projectDirPath = "";
			projectRoot = "";
			targets = (
				E0E09C39217783CC00B65920 /* Peggle */,
			);
		};
/* End PBXProject section */

/* Begin PBXResourcesBuildPhase section */
		E0E09C38217783CC00B65920 /* Resources */ = {
			isa = PBXResourcesBuildPhase;
			buildActionMask = 2147483647;
			files = (
				E0E09C7B2177848600B65920 /* ballGrey@2x.png in Resources */,
				E0E09C7D2177848600B65920 /* ballPurple@2x.png in Resources */,
				E0E09C8A2177848600B65920 /* slotGlowBad@2x.png in Resources */,
				E0E09C762177848600B65920 /* ballCyan.png in Resources */,
				E0E09C872177848600B65920 /* slotBaseGood.png in Resources */,
				E0E09C49217783CC00B65920 /* Main.storyboard in Resources */,
				E0E09C742177848600B65920 /* ballBlue.png in Resources */,
				E0E09C8B2177848600B65920 /* slotGlowGood.png in Resources */,
				E0E09C862177848600B65920 /* slotBaseBad@2x.png in Resources */,
				E0E09C812177848600B65920 /* ballYellow@2x.png in Resources */,
				E0E09C852177848600B65920 /* slotBaseBad.png in Resources */,
				E0E09C722177848600B65920 /* background.jpg in Resources */,
				E0E09C882177848600B65920 /* slotBaseGood@2x.png in Resources */,
				E0E09C832177848600B65920 /* bouncer@2x.png in Resources */,
				E0E09C7E2177848600B65920 /* ballRed.png in Resources */,
				E0E09C842177848600B65920 /* FireParticles.sks in Resources */,
				E0E09C7F2177848600B65920 /* ballRed@2x.png in Resources */,
				E0E09C40217783CC00B65920 /* GameScene.sks in Resources */,
				E0E09C892177848600B65920 /* slotGlowBad.png in Resources */,
				E0E09C4B217783CD00B65920 /* Assets.xcassets in Resources */,
				E0E09C802177848600B65920 /* ballYellow.png in Resources */,
				E0E09C822177848600B65920 /* bouncer.png in Resources */,
				E0E09C782177848600B65920 /* ballGreen.png in Resources */,
				E0E09C732177848600B65920 /* background@2x.jpg in Resources */,
				E0E09C4E217783CD00B65920 /* LaunchScreen.storyboard in Resources */,
				E0E09C7A2177848600B65920 /* ballGrey.png in Resources */,
				E0E09C792177848600B65920 /* ballGreen@2x.png in Resources */,
				E0E09C772177848600B65920 /* ballCyan@2x.png in Resources */,
				E0E09C8C2177848600B65920 /* slotGlowGood@2x.png in Resources */,
				E0E09C8D2177848600B65920 /* spark.png in Resources */,
				E0E09C7C2177848600B65920 /* ballPurple.png in Resources */,
				E0E09C752177848600B65920 /* ballBlue@2x.png in Resources */,
			);
			runOnlyForDeploymentPostprocessing = 0;
		};
/* End PBXResourcesBuildPhase section */

/* Begin PBXSourcesBuildPhase section */
		E0E09C36217783CC00B65920 /* Sources */ = {
			isa = PBXSourcesBuildPhase;
			buildActionMask = 2147483647;
			files = (
				E0E09C44217783CC00B65920 /* GameScene.swift in Sources */,
				E0E09C46217783CC00B65920 /* GameViewController.swift in Sources */,
				E0E09C3E217783CC00B65920 /* AppDelegate.swift in Sources */,
				E0E09C8F2177893D00B65920 /* Helper.swift in Sources */,
			);
			runOnlyForDeploymentPostprocessing = 0;
		};
/* End PBXSourcesBuildPhase section */

/* Begin PBXVariantGroup section */
		E0E09C47217783CC00B65920 /* Main.storyboard */ = {
			isa = PBXVariantGroup;
			children = (
				E0E09C48217783CC00B65920 /* Base */,
			);
			name = Main.storyboard;
			sourceTree = "<group>";
		};
		E0E09C4C217783CD00B65920 /* LaunchScreen.storyboard */ = {
			isa = PBXVariantGroup;
			children = (
				E0E09C4D217783CD00B65920 /* Base */,
			);
			name = LaunchScreen.storyboard;
			sourceTree = "<group>";
		};
/* End PBXVariantGroup section */

/* Begin XCBuildConfiguration section */
		E0E09C50217783CD00B65920 /* Debug */ = {
			isa = XCBuildConfiguration;
			buildSettings = {
				ALWAYS_SEARCH_USER_PATHS = NO;
				CLANG_ANALYZER_NONNULL = YES;
				CLANG_ANALYZER_NUMBER_OBJECT_CONVERSION = YES_AGGRESSIVE;
				CLANG_CXX_LANGUAGE_STANDARD = "gnu++14";
				CLANG_CXX_LIBRARY = "libc++";
				CLANG_ENABLE_MODULES = YES;
				CLANG_ENABLE_OBJC_ARC = YES;
				CLANG_ENABLE_OBJC_WEAK = YES;
				CLANG_WARN_BLOCK_CAPTURE_AUTORELEASING = YES;
				CLANG_WARN_BOOL_CONVERSION = YES;
				CLANG_WARN_COMMA = YES;
				CLANG_WARN_CONSTANT_CONVERSION = YES;
				CLANG_WARN_DEPRECATED_OBJC_IMPLEMENTATIONS = YES;
				CLANG_WARN_DIRECT_OBJC_ISA_USAGE = YES_ERROR;
				CLANG_WARN_DOCUMENTATION_COMMENTS = YES;
				CLANG_WARN_EMPTY_BODY = YES;
				CLANG_WARN_ENUM_CONVERSION = YES;
				CLANG_WARN_INFINITE_RECURSION = YES;
				CLANG_WARN_INT_CONVERSION = YES;
				CLANG_WARN_NON_LITERAL_NULL_CONVERSION = YES;
				CLANG_WARN_OBJC_IMPLICIT_RETAIN_SELF = YES;
				CLANG_WARN_OBJC_LITERAL_CONVERSION = YES;
				CLANG_WARN_OBJC_ROOT_CLASS = YES_ERROR;
				CLANG_WARN_RANGE_LOOP_ANALYSIS = YES;
				CLANG_WARN_STRICT_PROTOTYPES = YES;
				CLANG_WARN_SUSPICIOUS_MOVE = YES;
				CLANG_WARN_UNGUARDED_AVAILABILITY = YES_AGGRESSIVE;
				CLANG_WARN_UNREACHABLE_CODE = YES;
				CLANG_WARN__DUPLICATE_METHOD_MATCH = YES;
				CODE_SIGN_IDENTITY = "iPhone Developer";
				COPY_PHASE_STRIP = NO;
				DEBUG_INFORMATION_FORMAT = dwarf;
				ENABLE_STRICT_OBJC_MSGSEND = YES;
				ENABLE_TESTABILITY = YES;
				GCC_C_LANGUAGE_STANDARD = gnu11;
				GCC_DYNAMIC_NO_PIC = NO;
				GCC_NO_COMMON_BLOCKS = YES;
				GCC_OPTIMIZATION_LEVEL = 0;
				GCC_PREPROCESSOR_DEFINITIONS = (
					"DEBUG=1",
					"$(inherited)",
				);
				GCC_WARN_64_TO_32_BIT_CONVERSION = YES;
				GCC_WARN_ABOUT_RETURN_TYPE = YES_ERROR;
				GCC_WARN_UNDECLARED_SELECTOR = YES;
				GCC_WARN_UNINITIALIZED_AUTOS = YES_AGGRESSIVE;
				GCC_WARN_UNUSED_FUNCTION = YES;
				GCC_WARN_UNUSED_VARIABLE = YES;
				IPHONEOS_DEPLOYMENT_TARGET = 11.4;
				MTL_ENABLE_DEBUG_INFO = YES;
				ONLY_ACTIVE_ARCH = YES;
				SDKROOT = iphoneos;
				SWIFT_ACTIVE_COMPILATION_CONDITIONS = DEBUG;
				SWIFT_OPTIMIZATION_LEVEL = "-Onone";
			};
			name = Debug;
		};
		E0E09C51217783CD00B65920 /* Release */ = {
			isa = XCBuildConfiguration;
			buildSettings = {
				ALWAYS_SEARCH_USER_PATHS = NO;
				CLANG_ANALYZER_NONNULL = YES;
				CLANG_ANALYZER_NUMBER_OBJECT_CONVERSION = YES_AGGRESSIVE;
				CLANG_CXX_LANGUAGE_STANDARD = "gnu++14";
				CLANG_CXX_LIBRARY = "libc++";
				CLANG_ENABLE_MODULES = YES;
				CLANG_ENABLE_OBJC_ARC = YES;
				CLANG_ENABLE_OBJC_WEAK = YES;
				CLANG_WARN_BLOCK_CAPTURE_AUTORELEASING = YES;
				CLANG_WARN_BOOL_CONVERSION = YES;
				CLANG_WARN_COMMA = YES;
				CLANG_WARN_CONSTANT_CONVERSION = YES;
				CLANG_WARN_DEPRECATED_OBJC_IMPLEMENTATIONS = YES;
				CLANG_WARN_DIRECT_OBJC_ISA_USAGE = YES_ERROR;
				CLANG_WARN_DOCUMENTATION_COMMENTS = YES;
				CLANG_WARN_EMPTY_BODY = YES;
				CLANG_WARN_ENUM_CONVERSION = YES;
				CLANG_WARN_INFINITE_RECURSION = YES;
				CLANG_WARN_INT_CONVERSION = YES;
				CLANG_WARN_NON_LITERAL_NULL_CONVERSION = YES;
				CLANG_WARN_OBJC_IMPLICIT_RETAIN_SELF = YES;
				CLANG_WARN_OBJC_LITERAL_CONVERSION = YES;
				CLANG_WARN_OBJC_ROOT_CLASS = YES_ERROR;
				CLANG_WARN_RANGE_LOOP_ANALYSIS = YES;
				CLANG_WARN_STRICT_PROTOTYPES = YES;
				CLANG_WARN_SUSPICIOUS_MOVE = YES;
				CLANG_WARN_UNGUARDED_AVAILABILITY = YES_AGGRESSIVE;
				CLANG_WARN_UNREACHABLE_CODE = YES;
				CLANG_WARN__DUPLICATE_METHOD_MATCH = YES;
				CODE_SIGN_IDENTITY = "iPhone Developer";
				COPY_PHASE_STRIP = NO;
				DEBUG_INFORMATION_FORMAT = "dwarf-with-dsym";
				ENABLE_NS_ASSERTIONS = NO;
				ENABLE_STRICT_OBJC_MSGSEND = YES;
				GCC_C_LANGUAGE_STANDARD = gnu11;
				GCC_NO_COMMON_BLOCKS = YES;
				GCC_WARN_64_TO_32_BIT_CONVERSION = YES;
				GCC_WARN_ABOUT_RETURN_TYPE = YES_ERROR;
				GCC_WARN_UNDECLARED_SELECTOR = YES;
				GCC_WARN_UNINITIALIZED_AUTOS = YES_AGGRESSIVE;
				GCC_WARN_UNUSED_FUNCTION = YES;
				GCC_WARN_UNUSED_VARIABLE = YES;
				IPHONEOS_DEPLOYMENT_TARGET = 11.4;
				MTL_ENABLE_DEBUG_INFO = NO;
				SDKROOT = iphoneos;
				SWIFT_COMPILATION_MODE = wholemodule;
				SWIFT_OPTIMIZATION_LEVEL = "-O";
				VALIDATE_PRODUCT = YES;
			};
			name = Release;
		};
		E0E09C53217783CD00B65920 /* Debug */ = {
			isa = XCBuildConfiguration;
			buildSettings = {
				ASSETCATALOG_COMPILER_APPICON_NAME = AppIcon;
				CODE_SIGN_STYLE = Automatic;
				INFOPLIST_FILE = Peggle/Info.plist;
				LD_RUNPATH_SEARCH_PATHS = (
					"$(inherited)",
					"@executable_path/Frameworks",
				);
				PRODUCT_BUNDLE_IDENTIFIER = WIT.Peggle;
				PRODUCT_NAME = "$(TARGET_NAME)";
				SWIFT_VERSION = 4.0;
				TARGETED_DEVICE_FAMILY = 2;
			};
			name = Debug;
		};
		E0E09C54217783CD00B65920 /* Release */ = {
			isa = XCBuildConfiguration;
			buildSettings = {
				ASSETCATALOG_COMPILER_APPICON_NAME = AppIcon;
				CODE_SIGN_STYLE = Automatic;
				INFOPLIST_FILE = Peggle/Info.plist;
				LD_RUNPATH_SEARCH_PATHS = (
					"$(inherited)",
					"@executable_path/Frameworks",
				);
				PRODUCT_BUNDLE_IDENTIFIER = WIT.Peggle;
				PRODUCT_NAME = "$(TARGET_NAME)";
				SWIFT_VERSION = 4.0;
				TARGETED_DEVICE_FAMILY = 2;
			};
			name = Release;
		};
/* End XCBuildConfiguration section */

/* Begin XCConfigurationList section */
		E0E09C35217783CC00B65920 /* Build configuration list for PBXProject "Peggle" */ = {
			isa = XCConfigurationList;
			buildConfigurations = (
				E0E09C50217783CD00B65920 /* Debug */,
				E0E09C51217783CD00B65920 /* Release */,
			);
			defaultConfigurationIsVisible = 0;
			defaultConfigurationName = Release;
		};
		E0E09C52217783CD00B65920 /* Build configuration list for PBXNativeTarget "Peggle" */ = {
			isa = XCConfigurationList;
			buildConfigurations = (
				E0E09C53217783CD00B65920 /* Debug */,
				E0E09C54217783CD00B65920 /* Release */,
			);
			defaultConfigurationIsVisible = 0;
			defaultConfigurationName = Release;
		};
/* End XCConfigurationList section */
	};
	rootObject = E0E09C32217783CC00B65920 /* Project object */;
}
